version = 1
revision = 3
requires-python = ">=3.9"
resolution-markers = [
    "python_full_version >= '3.10'",
    "python_full_version < '3.10'",
]

[[package]]
name = "chardet"
version = "5.0.0"
source = { registry = "https://pypi.org/simple" }
resolution-markers = [
    "python_full_version < '3.10'",
]
sdist = { url = "https://files.pythonhosted.org/packages/31/a2/12c090713b3d0e141f367236d3a8bdc3e5fca0d83ff3647af4892c16c205/chardet-5.0.0.tar.gz", hash = "sha256:0368df2bfd78b5fc20572bb4e9bb7fb53e2c094f60ae9993339e8671d0afb8aa", size = 2021116, upload-time = "2022-06-25T04:27:57.204Z" }
wheels = [
    { url = "https://files.pythonhosted.org/packages/4c/d1/1b96dd69fa42f20b70701b5cd42a75dd5f0c7a24dc0abfef35cc146210dc/chardet-5.0.0-py3-none-any.whl", hash = "sha256:d3e64f022d254183001eccc5db4040520c0f23b1a3f33d6413e099eb7f126557", size = 193628, upload-time = "2022-06-25T04:27:55.457Z" },
]

[[package]]
name = "chardet"
version = "7.2.0"
source = { registry = "https://pypi.org/simple" }
resolution-markers = [
    "python_full_version >= '3.10'",
]
sdist = { url = "https://files.pythonhosted.org/packages/1d/94/7af830a4c63df020644aa99d76147d003a1463f255d0a054958978be5a8a/chardet-7.2.0.tar.gz", hash = "sha256:4ef7292b1342ea805c32cce58a45db204f59d080ed311d6cdaa7ca747fcc0cd5", size = 516522, upload-time = "2026-03-18T00:07:23.76Z" }
wheels = [
    { url = "https://files.pythonhosted.org/packages/23/43/ecfd2d5bf0a9c8be18c797b66d60679e72ec7d1d90aeff43c16f7d7eb221/chardet-7.2.0-cp310-cp310-macosx_10_9_x86_64.whl", hash = "sha256:556d6f81bd4131f7b2d4aa535f3061cd381853d4db7ea5c0a15dd5f1a3f39b66", size = 547390, upload-time = "2026-03-18T00:06:45.068Z" },
    { url = "https://files.pythonhosted.org/packages/f5/fc/1ab28e7141f6d3281ab6cc91e3e8710dbf52087f07b9929e9c14573b549e/chardet-7.2.0-cp310-cp310-macosx_11_0_arm64.whl", hash = "sha256:a8b4c05733a517a2f53beb8d740cd6c5a1f4387c3dcbeb78380b848498fee8a6", size = 540820, upload-time = "2026-03-18T00:06:46.467Z" },
    { url = "https://files.pythonhosted.org/packages/ec/11/3773136276ba99974b8fed89b792dabe6ee5ec361726b9bd5558dcbb3849/chardet-7.2.0-cp310-cp310-manylinux2014_aarch64.manylinux_2_17_aarch64.manylinux_2_28_aarch64.whl", hash = "sha256:ce80e8b62bb88135d36b9d4b95a6d9624ea862090bfd0228f9fee4a6aafaffc8", size = 561544, upload-time = "2026-03-18T00:06:47.665Z" },
    { url = "https://files.pythonhosted.org/packages/b8/c2/3c62771e0b62feae157ffc99641a2b47a9dbeccfd0ccc455dd6af4b62278/chardet-7.2.0-cp310-cp310-manylinux2014_x86_64.manylinux_2_17_x86_64.manylinux_2_28_x86_64.whl", hash = "sha256:8190584663b8c051db28be5174d1c5774d7b7a5112e47152c02fd50bdf6405ad", size = 564455, upload-time = "2026-03-18T00:06:50.365Z" },
    { url = "https://files.pythonhosted.org/packages/d3/c4/43eebdfa8a76ea00d6cad55ae0d07be455a86d3d9b9bb8769f15c8a27d5c/chardet-7.2.0-cp310-cp310-win_amd64.whl", hash = "sha256:dfcf826f413be2d94605ecb2089f29e189cf6ed9baa30d9b2c8868da2e142398", size = 531192, upload-time = "2026-03-18T00:06:51.99Z" },
    { url = "https://files.pythonhosted.org/packages/88/63/3ba1b7828340ac4b4761df5454abd0c48dd620eb4f12a5106c3390539711/chardet-7.2.0-cp311-cp311-macosx_10_9_x86_64.whl", hash = "sha256:a8685b331c4896e9135bd748387f713dd53c019475ae1b8238b8f59be1668acd", size = 545761, upload-time = "2026-03-18T00:06:53.562Z" },
    { url = "https://files.pythonhosted.org/packages/0d/b4/c3d87a7aa5ee1c71fff91a503ae1a0c3bc3b756e646948f6bfdfd2c8c873/chardet-7.2.0-cp311-cp311-macosx_11_0_arm64.whl", hash = "sha256:fa14cc0e7d2142dd313524b3a339e15cbd8b7a8a7e11a560686e0b6f58038ec9", size = 539103, upload-time = "2026-03-18T00:06:54.837Z" },
    { url = "https://files.pythonhosted.org/packages/71/51/8eb14c4b5308225889eb4bdd9499a3d7cab1a77a82e1bcc1ad0ad22cb3a3/chardet-7.2.0-cp311-cp311-manylinux2014_aarch64.manylinux_2_17_aarch64.manylinux_2_28_aarch64.whl", hash = "sha256:4c51a3d8aa3c162be0495404b39bb1c137b44a634c1f46e2909e2c6a60349c00", size = 560010, upload-time = "2026-03-18T00:06:56.442Z" },
    { url = "https://files.pythonhosted.org/packages/1e/cc/350b4ac6916291624093ea07ac186733e490bd33948d205d07848dbd51ff/chardet-7.2.0-cp311-cp311-manylinux2014_x86_64.manylinux_2_17_x86_64.manylinux_2_28_x86_64.whl", hash = "sha256:347ed77bb5eed8929fae7482671690a15c731d66808f1ff0ce7d22224ca7ec79", size = 562610, upload-time = "2026-03-18T00:06:57.95Z" },
    { url = "https://files.pythonhosted.org/packages/36/f9/b757ade39ad981f89e3607abc75827729bf408359ddd31073e7a85cb8aeb/chardet-7.2.0-cp311-cp311-win_amd64.whl", hash = "sha256:d298762002a6b6e81dbcc81ade9e0882e579e968f4801daf4d8ffd6a31b99552", size = 530914, upload-time = "2026-03-18T00:06:59.342Z" },
    { url = "https://files.pythonhosted.org/packages/04/f2/5b4bfc3c93458c2d618d71f79e34def05552f178b4d452555a8333696f1a/chardet-7.2.0-cp312-cp312-macosx_10_13_x86_64.whl", hash = "sha256:c4604344380a6f9b982c28855c1edfd23a45a2c9142b9a34bc0c08986049f398", size = 547261, upload-time = "2026-03-18T00:07:00.869Z" },
    { url = "https://files.pythonhosted.org/packages/38/fd/3effc8151d19b6ced8d1de427df5a039b1cce4cef79a3ac6f3c1d1135502/chardet-7.2.0-cp312-cp312-macosx_11_0_arm64.whl", hash = "sha256:195c54d8f04a7a9c321cb7cebececa35b1c818c7aa7c195086bae10fcbb3391f", size = 539283, upload-time = "2026-03-18T00:07:02.419Z" },
    { url = "https://files.pythonhosted.org/packages/9e/b1/c1990fcafa601fcebe9308ae23026906f1e04b53b53ed38e6a81499acd30/chardet-7.2.0-cp312-cp312-manylinux2014_aarch64.manylinux_2_17_aarch64.manylinux_2_28_aarch64.whl", hash = "sha256:ddd03a67fca8c91287f8718dfbe3f94c2c1aa1fd3a82433b693f5b868dedf319", size = 561023, upload-time = "2026-03-18T00:07:04.078Z" },
    { url = "https://files.pythonhosted.org/packages/19/5e/4ddbef974a1036416431ef6ceb13dae8c5ab2193a301f2b58c5348855f1b/chardet-7.2.0-cp312-cp312-manylinux2014_x86_64.manylinux_2_17_x86_64.manylinux_2_28_x86_64.whl", hash = "sha256:8f6af0fa005b9488c8fbf8fec2ad7023531970320901d6334c50844ccca9b117", size = 564598, upload-time = "2026-03-18T00:07:05.341Z" },
    { url = "https://files.pythonhosted.org/packages/ae/6b/045858a8b6a54777e64ff4880058018cc05e547e49808f84f7a41a45615a/chardet-7.2.0-cp312-cp312-win_amd64.whl", hash = "sha256:e8853c71ea1261bcc1b8f8b171acb7c272a5cfd06b57729c460241ee38705049", size = 531154, upload-time = "2026-03-18T00:07:07.061Z" },
    { url = "https://files.pythonhosted.org/packages/65/3e/456ceb2f562dc7969ffaec1e989d9315ad82a023d62a27703a5a5ffdb986/chardet-7.2.0-cp313-cp313-macosx_10_13_x86_64.whl", hash = "sha256:6cdbe9404534cda0d28f172e91fa50db7655ae6262d093b0337a5aa47a47a5f6", size = 547207, upload-time = "2026-03-18T00:07:08.635Z" },
    { url = "https://files.pythonhosted.org/packages/83/f1/5ef3b6f87e67d73049c632c931baa554364a3826a3522684c4b494e458f8/chardet-7.2.0-cp313-cp313-macosx_11_0_arm64.whl", hash = "sha256:427d091994456cc16dbd1e20ae73fee068b9a31f3c90b75072f722d5dbbf156f", size = 539189, upload-time = "2026-03-18T00:07:09.791Z" },
    { url = "https://files.pythonhosted.org/packages/4d/48/8886c21375ff29493bad014fd2b258bb686ac635968b34343e94f8d38745/chardet-7.2.0-cp313-cp313-manylinux2014_aarch64.manylinux_2_17_aarch64.manylinux_2_28_aarch64.whl", hash = "sha256:cad2cd094dfb14cfcb86b0a77568d23375b0005ea0144a726910df6f5c8a46b8", size = 560639, upload-time = "2026-03-18T00:07:10.99Z" },
    { url = "https://files.pythonhosted.org/packages/e6/19/f474429b3c6f829b0eeaaeb964c06737c7dc148c97822937b1a2def55b40/chardet-7.2.0-cp313-cp313-manylinux2014_x86_64.manylinux_2_17_x86_64.manylinux_2_28_x86_64.whl", hash = "sha256:23e6acd1a58050d7c2aeecca700c0cf27b5ec4f6153a82c3b51c31b94c6ebfad", size = 564172, upload-time = "2026-03-18T00:07:12.536Z" },
    { url = "https://files.pythonhosted.org/packages/dd/be/4fc8c10513cdb9421e731a0a0752973bf2477dad29c490c1dbab7cd0e8db/chardet-7.2.0-cp313-cp313-win_amd64.whl", hash = "sha256:dc5d034faa5b4a2a3af54e24881b2caef9b41fea00a4dddccf97a1e8ec51a213", size = 531024, upload-time = "2026-03-18T00:07:14.11Z" },
    { url = "https://files.pythonhosted.org/packages/f0/7f/0157f588bf8e40e75cc5ca5b3b1cf19cf27b90ea177e3ccd56b73a8adab0/chardet-7.2.0-cp314-cp314-macosx_10_15_x86_64.whl", hash = "sha256:719c572c4751c201f42134bd2aa0826928ed5113d29dfa482338c1a89bb925fa", size = 546726, upload-time = "2026-03-18T00:07:15.3Z" },
    { url = "https://files.pythonhosted.org/packages/bd/30/6d216eb2d928ee8db2f30ed7c1451cc7e1a68aa80c551ee9b8ff967e8a38/chardet-7.2.0-cp314-cp314-macosx_11_0_arm64.whl", hash = "sha256:13a94d2c0dace263b8dcb61593c165d5749d60e2e2314231938eb87755c9de9f", size = 539207, upload-time = "2026-03-18T00:07:16.649Z" },
    { url = "https://files.pythonhosted.org/packages/69/4e/fd878a7dc50fe0ece1b3f8baa0c7dcbfc25503d72199200a6f510684549e/chardet-7.2.0-cp314-cp314-manylinux2014_aarch64.manylinux_2_17_aarch64.manylinux_2_28_aarch64.whl", hash = "sha256:a1f081a0f3fce8e1c8f5d6b3691a4960aacc33f213f77ef8b89a6b5f0af4cadf", size = 561383, upload-time = "2026-03-18T00:07:18.269Z" },
    { url = "https://files.pythonhosted.org/packages/cd/09/aab35a20545b2d70811bfdc8b55f70161856d9e264ab8ba5259fc09af355/chardet-7.2.0-cp314-cp314-manylinux2014_x86_64.manylinux_2_17_x86_64.manylinux_2_28_x86_64.whl", hash = "sha256:b56152a17d19249388ae99a85a31c35bb8d5b421b90581226de34b2b316be806", size = 564083, upload-time = "2026-03-18T00:07:19.904Z" },
    { url = "https://files.pythonhosted.org/packages/f9/c0/773b4f0557fdfd6af538e166488824b99a996db558f1c930b1ca27b4775f/chardet-7.2.0-cp314-cp314-win_amd64.whl", hash = "sha256:7077dc2435b95163db4206aa71ebc329da5bcddb8bfce69440ff8ecf637400bf", size = 530790, upload-time = "2026-03-18T00:07:21.309Z" },
    { url = "https://files.pythonhosted.org/packages/c2/47/97786f40be59ff5ff10ec5ebcb1ef0ad28dd915717cb210cee89ae7a83a6/chardet-7.2.0-py3-none-any.whl", hash = "sha256:f8ea866b9fbd8df5f19032d765a4d81dcbf6194a3c7388b44d378d02c9784170", size = 414953, upload-time = "2026-03-18T00:07:22.48Z" },
]

[[package]]
name = "uv-split-markers-test"
version = "0.1.0"
source = { virtual = "." }
dependencies = [
    { name = "chardet", version = "5.0.0", source = { registry = "https://pypi.org/simple" }, marker = "python_full_version < '3.10'" },
    { name = "chardet", version = "7.2.0", source = { registry = "https://pypi.org/simple" }, marker = "python_full_version >= '3.10'" },
]

[package.metadata]
requires-dist = [
    { name = "chardet", marker = "python_full_version == '3.9.*'", specifier = "<5.1" },
    { name = "chardet", marker = "python_full_version >= '3.10'", specifier = "<7.3" },
]
